
Microsoft Visual Studio Solution File, Format Version 12.00
# Visual Studio Version 17
VisualStudioVersion = 17.0.31903.59
MinimumVisualStudioVersion = 10.0.40219.1
Project("{2150E333-8FDC-42A3-9474-1A3956D46DE8}") = "src", "src", "{827E0CD3-B72D-47B6-A68D-7590B98EB39B}"
EndProject
Project("{FAE04EC0-301F-11D3-BF4B-00C04F79EFBC}") = "Api", "src\Api\Api.csproj", "{F5BC58DF-2018-4E04-A757-9199BEA8F4EF}"
EndProject
Project("{FAE04EC0-301F-11D3-BF4B-00C04F79EFBC}") = "Domain", "src\Domain\Domain.csproj", "{07599119-4FAD-4871-B6D0-B34E67B71F41}"
EndProject
Project("{FAE04EC0-301F-11D3-BF4B-00C04F79EFBC}") = "Application", "src\Application\Application.csproj", "{57B99A18-94C2-4893-843A-5EAA6E829FE6}"
EndProject
Project("{FAE04EC0-301F-11D3-BF4B-00C04F79EFBC}") = "Infrastructure", "src\Infrastructure\Infrastructure.csproj", "{79E9F2AD-30DD-4329-810A-C80D23B622A0}"
EndProject
Project("{2150E333-8FDC-42A3-9474-1A3956D46DE8}") = "tests", "tests", "{0AB3BF05-4346-4AA6-1389-037BE0695223}"
EndProject
Project("{FAE04EC0-301F-11D3-BF4B-00C04F79EFBC}") = "Domain.Tests", "tests\Domain.Tests\Domain.Tests.csproj", "{8C444A98-A3D7-462E-83F5-98982674E80E}"
EndProject
Project("{FAE04EC0-301F-11D3-BF4B-00C04F79EFBC}") = "Application.Tests", "tests\Application.Tests\Application.Tests.csproj", "{EF4CB649-2CE0-4A01-B514-0F7616753752}"
EndProject
Project("{FAE04EC0-301F-11D3-BF4B-00C04F79EFBC}") = "Api.Tests", "tests\Api.Tests\Api.Tests.csproj", "{BF9462FD-7618-4EE2-B653-C5D74AE38057}"
EndProject
Global
	GlobalSection(SolutionConfigurationPlatforms) = preSolution
		Debug|Any CPU = Debug|Any CPU
		Debug|x64 = Debug|x64
		Debug|x86 = Debug|x86
		Release|Any CPU = Release|Any CPU
		Release|x64 = Release|x64
		Release|x86 = Release|x86
	EndGlobalSection
	GlobalSection(ProjectConfigurationPlatforms) = postSolution
		{F5BC58DF-2018-4E04-A757-9199BEA8F4EF}.Debug|Any CPU.ActiveCfg = Debug|Any CPU
		{F5BC58DF-2018-4E04-A757-9199BEA8F4EF}.Debug|Any CPU.Build.0 = Debug|Any CPU
		{F5BC58DF-2018-4E04-A757-9199BEA8F4EF}.Debug|x64.ActiveCfg = Debug|Any CPU
		{F5BC58DF-2018-4E04-A757-9199BEA8F4EF}.Debug|x64.Build.0 = Debug|Any CPU
		{F5BC58DF-2018-4E04-A757-9199BEA8F4EF}.Debug|x86.ActiveCfg = Debug|Any CPU
		{F5BC58DF-2018-4E04-A757-9199BEA8F4EF}.Debug|x86.Build.0 = Debug|Any CPU
		{F5BC58DF-2018-4E04-A757-9199BEA8F4EF}.Release|Any CPU.ActiveCfg = Release|Any CPU
		{F5BC58DF-2018-4E04-A757-9199BEA8F4EF}.Release|Any CPU.Build.0 = Release|Any CPU
		{F5BC58DF-2018-4E04-A757-9199BEA8F4EF}.Release|x64.ActiveCfg = Release|Any CPU
		{F5BC58DF-2018-4E04-A757-9199BEA8F4EF}.Release|x64.Build.0 = Release|Any CPU
		{F5BC58DF-2018-4E04-A757-9199BEA8F4EF}.Release|x86.ActiveCfg = Release|Any CPU
		{F5BC58DF-2018-4E04-A757-9199BEA8F4EF}.Release|x86.Build.0 = Release|Any CPU
		{07599119-4FAD-4871-B6D0-B34E67B71F41}.Debug|Any CPU.ActiveCfg = Debug|Any CPU
		{07599119-4FAD-4871-B6D0-B34E67B71F41}.Debug|Any CPU.Build.0 = Debug|Any CPU
		{07599119-4FAD-4871-B6D0-B34E67B71F41}.Debug|x64.ActiveCfg = Debug|Any CPU
		{07599119-4FAD-4871-B6D0-B34E67B71F41}.Debug|x64.Build.0 = Debug|Any CPU
		{07599119-4FAD-4871-B6D0-B34E67B71F41}.Debug|x86.ActiveCfg = Debug|Any CPU
		{07599119-4FAD-4871-B6D0-B34E67B71F41}.Debug|x86.Build.0 = Debug|Any CPU
		{07599119-4FAD-4871-B6D0-B34E67B71F41}.Release|Any CPU.ActiveCfg = Release|Any CPU
		{07599119-4FAD-4871-B6D0-B34E67B71F41}.Release|Any CPU.Build.0 = Release|Any CPU
		{07599119-4FAD-4871-B6D0-B34E67B71F41}.Release|x64.ActiveCfg = Release|Any CPU
		{07599119-4FAD-4871-B6D0-B34E67B71F41}.Release|x64.Build.0 = Release|Any CPU
		{07599119-4FAD-4871-B6D0-B34E67B71F41}.Release|x86.ActiveCfg = Release|Any CPU
		{07599119-4FAD-4871-B6D0-B34E67B71F41}.Release|x86.Build.0 = Release|Any CPU
		{57B99A18-94C2-4893-843A-5EAA6E829FE6}.Debug|Any CPU.ActiveCfg = Debug|Any CPU
		{57B99A18-94C2-4893-843A-5EAA6E829FE6}.Debug|Any CPU.Build.0 = Debug|Any CPU
		{57B99A18-94C2-4893-843A-5EAA6E829FE6}.Debug|x64.ActiveCfg = Debug|Any CPU
		{57B99A18-94C2-4893-843A-5EAA6E829FE6}.Debug|x64.Build.0 = Debug|Any CPU
		{57B99A18-94C2-4893-843A-5EAA6E829FE6}.Debug|x86.ActiveCfg = Debug|Any CPU
		{57B99A18-94C2-4893-843A-5EAA6E829FE6}.Debug|x86.Build.0 = Debug|Any CPU
		{57B99A18-94C2-4893-843A-5EAA6E829FE6}.Release|Any CPU.ActiveCfg = Release|Any CPU
		{57B99A18-94C2-4893-843A-5EAA6E829FE6}.Release|Any CPU.Build.0 = Release|Any CPU
		{57B99A18-94C2-4893-843A-5EAA6E829FE6}.Release|x64.ActiveCfg = Release|Any CPU
		{57B99A18-94C2-4893-843A-5EAA6E829FE6}.Release|x64.Build.0 = Release|Any CPU
		{57B99A18-94C2-4893-843A-5EAA6E829FE6}.Release|x86.ActiveCfg = Release|Any CPU
		{57B99A18-94C2-4893-843A-5EAA6E829FE6}.Release|x86.Build.0 = Release|Any CPU
		{79E9F2AD-30DD-4329-810A-C80D23B622A0}.Debug|Any CPU.ActiveCfg = Debug|Any CPU
		{79E9F2AD-30DD-4329-810A-C80D23B622A0}.Debug|Any CPU.Build.0 = Debug|Any CPU
		{79E9F2AD-30DD-4329-810A-C80D23B622A0}.Debug|x64.ActiveCfg = Debug|Any CPU
		{79E9F2AD-30DD-4329-810A-C80D23B622A0}.Debug|x64.Build.0 = Debug|Any CPU
		{79E9F2AD-30DD-4329-810A-C80D23B622A0}.Debug|x86.ActiveCfg = Debug|Any CPU
		{79E9F2AD-30DD-4329-810A-C80D23B622A0}.Debug|x86.Build.0 = Debug|Any CPU
		{79E9F2AD-30DD-4329-810A-C80D23B622A0}.Release|Any CPU.ActiveCfg = Release|Any CPU
		{79E9F2AD-30DD-4329-810A-C80D23B622A0}.Release|Any CPU.Build.0 = Release|Any CPU
		{79E9F2AD-30DD-4329-810A-C80D23B622A0}.Release|x64.ActiveCfg = Release|Any CPU
		{79E9F2AD-30DD-4329-810A-C80D23B622A0}.Release|x64.Build.0 = Release|Any CPU
		{79E9F2AD-30DD-4329-810A-C80D23B622A0}.Release|x86.ActiveCfg = Release|Any CPU
		{79E9F2AD-30DD-4329-810A-C80D23B622A0}.Release|x86.Build.0 = Release|Any CPU
		{8C444A98-A3D7-462E-83F5-98982674E80E}.Debug|Any CPU.ActiveCfg = Debug|Any CPU
		{8C444A98-A3D7-462E-83F5-98982674E80E}.Debug|Any CPU.Build.0 = Debug|Any CPU
		{8C444A98-A3D7-462E-83F5-98982674E80E}.Debug|x64.ActiveCfg = Debug|Any CPU
		{8C444A98-A3D7-462E-83F5-98982674E80E}.Debug|x64.Build.0 = Debug|Any CPU
		{8C444A98-A3D7-462E-83F5-98982674E80E}.Debug|x86.ActiveCfg = Debug|Any CPU
		{8C444A98-A3D7-462E-83F5-98982674E80E}.Debug|x86.Build.0 = Debug|Any CPU
		{8C444A98-A3D7-462E-83F5-98982674E80E}.Release|Any CPU.ActiveCfg = Release|Any CPU
		{8C444A98-A3D7-462E-83F5-98982674E80E}.Release|Any CPU.Build.0 = Release|Any CPU
		{8C444A98-A3D7-462E-83F5-98982674E80E}.Release|x64.ActiveCfg = Release|Any CPU
		{8C444A98-A3D7-462E-83F5-98982674E80E}.Release|x64.Build.0 = Release|Any CPU
		{8C444A98-A3D7-462E-83F5-98982674E80E}.Release|x86.ActiveCfg = Release|Any CPU
		{8C444A98-A3D7-462E-83F5-98982674E80E}.Release|x86.Build.0 = Release|Any CPU
		{EF4CB649-2CE0-4A01-B514-0F7616753752}.Debug|Any CPU.ActiveCfg = Debug|Any CPU
		{EF4CB649-2CE0-4A01-B514-0F7616753752}.Debug|Any CPU.Build.0 = Debug|Any CPU
		{EF4CB649-2CE0-4A01-B514-0F7616753752}.Debug|x64.ActiveCfg = Debug|Any CPU
		{EF4CB649-2CE0-4A01-B514-0F7616753752}.Debug|x64.Build.0 = Debug|Any CPU
		{EF4CB649-2CE0-4A01-B514-0F7616753752}.Debug|x86.ActiveCfg = Debug|Any CPU
		{EF4CB649-2CE0-4A01-B514-0F7616753752}.Debug|x86.Build.0 = Debug|Any CPU
		{EF4CB649-2CE0-4A01-B514-0F7616753752}.Release|Any CPU.ActiveCfg = Release|Any CPU
		{EF4CB649-2CE0-4A01-B514-0F7616753752}.Release|Any CPU.Build.0 = Release|Any CPU
		{EF4CB649-2CE0-4A01-B514-0F7616753752}.Release|x64.ActiveCfg = Release|Any CPU
		{EF4CB649-2CE0-4A01-B514-0F7616753752}.Release|x64.Build.0 = Release|Any CPU
		{EF4CB649-2CE0-4A01-B514-0F7616753752}.Release|x86.ActiveCfg = Release|Any CPU
		{EF4CB649-2CE0-4A01-B514-0F7616753752}.Release|x86.Build.0 = Release|Any CPU
		{BF9462FD-7618-4EE2-B653-C5D74AE38057}.Debug|Any CPU.ActiveCfg = Debug|Any CPU
		{BF9462FD-7618-4EE2-B653-C5D74AE38057}.Debug|Any CPU.Build.0 = Debug|Any CPU
		{BF9462FD-7618-4EE2-B653-C5D74AE38057}.Debug|x64.ActiveCfg = Debug|Any CPU
		{BF9462FD-7618-4EE2-B653-C5D74AE38057}.Debug|x64.Build.0 = Debug|Any CPU
		{BF9462FD-7618-4EE2-B653-C5D74AE38057}.Debug|x86.ActiveCfg = Debug|Any CPU
		{BF9462FD-7618-4EE2-B653-C5D74AE38057}.Debug|x86.Build.0 = Debug|Any CPU
		{BF9462FD-7618-4EE2-B653-C5D74AE38057}.Release|Any CPU.ActiveCfg = Release|Any CPU
		{BF9462FD-7618-4EE2-B653-C5D74AE38057}.Release|Any CPU.Build.0 = Release|Any CPU
		{BF9462FD-7618-4EE2-B653-C5D74AE38057}.Release|x64.ActiveCfg = Release|Any CPU
		{BF9462FD-7618-4EE2-B653-C5D74AE38057}.Release|x64.Build.0 = Release|Any CPU
		{BF9462FD-7618-4EE2-B653-C5D74AE38057}.Release|x86.ActiveCfg = Release|Any CPU
		{BF9462FD-7618-4EE2-B653-C5D74AE38057}.Release|x86.Build.0 = Release|Any CPU
	EndGlobalSection
	GlobalSection(SolutionProperties) = preSolution
		HideSolutionNode = FALSE
	EndGlobalSection
	GlobalSection(NestedProjects) = preSolution
		{F5BC58DF-2018-4E04-A757-9199BEA8F4EF} = {827E0CD3-B72D-47B6-A68D-7590B98EB39B}
		{07599119-4FAD-4871-B6D0-B34E67B71F41} = {827E0CD3-B72D-47B6-A68D-7590B98EB39B}
		{57B99A18-94C2-4893-843A-5EAA6E829FE6} = {827E0CD3-B72D-47B6-A68D-7590B98EB39B}
		{79E9F2AD-30DD-4329-810A-C80D23B622A0} = {827E0CD3-B72D-47B6-A68D-7590B98EB39B}
		{8C444A98-A3D7-462E-83F5-98982674E80E} = {0AB3BF05-4346-4AA6-1389-037BE0695223}
		{EF4CB649-2CE0-4A01-B514-0F7616753752} = {0AB3BF05-4346-4AA6-1389-037BE0695223}
		{BF9462FD-7618-4EE2-B653-C5D74AE38057} = {0AB3BF05-4346-4AA6-1389-037BE0695223}
	EndGlobalSection
EndGlobal
