
Microsoft Visual Studio Solution File, Format Version 12.00
# Visual Studio Version 17
VisualStudioVersion = 17.0.31903.59
MinimumVisualStudioVersion = 10.0.40219.1
Project("{2150E333-8FDC-42A3-9474-1A3956D46DE8}") = "src", "src", "{827E0CD3-B72D-47B6-A68D-7590B98EB39B}"
EndProject
Project("{2150E333-8FDC-42A3-9474-1A3956D46DE8}") = "Core", "Core", "{A1B2C3D4-E5F6-7890-1234-567890ABCDEF}"
EndProject
Project("{2150E333-8FDC-42A3-9474-1A3956D46DE8}") = "Infrastructure", "Infrastructure", "{B2C3D4E5-F6A7-8901-2345-678901BCDEF0}"
EndProject
Project("{2150E333-8FDC-42A3-9474-1A3956D46DE8}") = "Presentation", "Presentation", "{C3D4E5F6-A7B8-9012-3456-789012CDEF01}"
EndProject
Project("{2150E333-8FDC-42A3-9474-1A3956D46DE8}") = "Aspire", "Aspire", "{D4E5F6A7-B8C9-0123-4567-890123DEF012}"
EndProject
Project("{FAE04EC0-301F-11D3-BF4B-00C04F79EFBC}") = "Domain", "src\Domain\Domain.csproj", "{07599119-4FAD-4871-B6D0-B34E67B71F41}"
EndProject
Project("{FAE04EC0-301F-11D3-BF4B-00C04F79EFBC}") = "Application", "src\Application\Application.csproj", "{57B99A18-94C2-4893-843A-5EAA6E829FE6}"
EndProject
Project("{FAE04EC0-301F-11D3-BF4B-00C04F79EFBC}") = "Infrastructure", "src\Infrastructure\Infrastructure.csproj", "{79E9F2AD-30DD-4329-810A-C80D23B622A0}"
EndProject
Project("{FAE04EC0-301F-11D3-BF4B-00C04F79EFBC}") = "Api", "src\Api\Api.csproj", "{F5BC58DF-2018-4E04-A757-9199BEA8F4EF}"
EndProject
Project("{FAE04EC0-301F-11D3-BF4B-00C04F79EFBC}") = "TimeWeightedReturn.AppHost", "src\TimeWeightedReturn.AppHost\TimeWeightedReturn.AppHost.csproj", "{E5F6A7B8-C9D0-1234-5678-901234EF0123}"
EndProject
Project("{FAE04EC0-301F-11D3-BF4B-00C04F79EFBC}") = "TimeWeightedReturn.ServiceDefaults", "src\TimeWeightedReturn.ServiceDefaults\TimeWeightedReturn.ServiceDefaults.csproj", "{F6A7B8C9-D0E1-2345-6789-012345F01234}"
EndProject
Project("{2150E333-8FDC-42A3-9474-1A3956D46DE8}") = "tests", "tests", "{0AB3BF05-4346-4AA6-1389-037BE0695223}"
EndProject
Project("{FAE04EC0-301F-11D3-BF4B-00C04F79EFBC}") = "Domain.Tests", "tests\Domain.Tests\Domain.Tests.csproj", "{8C444A98-A3D7-462E-83F5-98982674E80E}"
EndProject
Project("{FAE04EC0-301F-11D3-BF4B-00C04F79EFBC}") = "Application.Tests", "tests\Application.Tests\Application.Tests.csproj", "{EF4CB649-2CE0-4A01-B514-0F7616753752}"
EndProject
Project("{FAE04EC0-301F-11D3-BF4B-00C04F79EFBC}") = "Api.Tests", "tests\Api.Tests\Api.Tests.csproj", "{BF9462FD-7618-4EE2-B653-C5D74AE38057}"
EndProject
Project("{2150E333-8FDC-42A3-9474-1A3956D46DE8}") = "Solution Items", "Solution Items", "{A7B8C9D0-E1F2-3456-7890-123456012345}"
	ProjectSection(SolutionItems) = preProject
		README.md = README.md
		.gitignore = .gitignore
	EndProjectSection
EndProject
Project("{2150E333-8FDC-42A3-9474-1A3956D46DE8}") = "docs", "docs", "{B8C9D0E1-F2A3-4567-8901-234567123456}"
	ProjectSection(SolutionItems) = preProject
		docs\Current-System-State.md = docs\Current-System-State.md
		docs\RESIZABLE_SIDEBAR_FEATURE.md = docs\RESIZABLE_SIDEBAR_FEATURE.md
		docs\SPRINT_STATUS.md = docs\SPRINT_STATUS.md
		docs\Sprint4-Summary.md = docs\Sprint4-Summary.md
		docs\Sprint4.5-CashFlow-Enhancement.md = docs\Sprint4.5-CashFlow-Enhancement.md
	EndProjectSection
EndProject
Project("{2150E333-8FDC-42A3-9474-1A3956D46DE8}") = "scripts", "scripts", "{C9D0E1F2-A3B4-5678-9012-345678234567}"
	ProjectSection(SolutionItems) = preProject
		scripts\comprehensive-seed-data.sql = scripts\comprehensive-seed-data.sql
		scripts\setup-demo-data.ps1 = scripts\setup-demo-data.ps1
	EndProjectSection
EndProject
Global
	GlobalSection(SolutionConfigurationPlatforms) = preSolution
		Debug|Any CPU = Debug|Any CPU
		Release|Any CPU = Release|Any CPU
	EndGlobalSection
	GlobalSection(ProjectConfigurationPlatforms) = postSolution
		{07599119-4FAD-4871-B6D0-B34E67B71F41}.Debug|Any CPU.ActiveCfg = Debug|Any CPU
		{07599119-4FAD-4871-B6D0-B34E67B71F41}.Debug|Any CPU.Build.0 = Debug|Any CPU
		{07599119-4FAD-4871-B6D0-B34E67B71F41}.Release|Any CPU.ActiveCfg = Release|Any CPU
		{07599119-4FAD-4871-B6D0-B34E67B71F41}.Release|Any CPU.Build.0 = Release|Any CPU
		{57B99A18-94C2-4893-843A-5EAA6E829FE6}.Debug|Any CPU.ActiveCfg = Debug|Any CPU
		{57B99A18-94C2-4893-843A-5EAA6E829FE6}.Debug|Any CPU.Build.0 = Debug|Any CPU
		{57B99A18-94C2-4893-843A-5EAA6E829FE6}.Release|Any CPU.ActiveCfg = Release|Any CPU
		{57B99A18-94C2-4893-843A-5EAA6E829FE6}.Release|Any CPU.Build.0 = Release|Any CPU
		{79E9F2AD-30DD-4329-810A-C80D23B622A0}.Debug|Any CPU.ActiveCfg = Debug|Any CPU
		{79E9F2AD-30DD-4329-810A-C80D23B622A0}.Debug|Any CPU.Build.0 = Debug|Any CPU
		{79E9F2AD-30DD-4329-810A-C80D23B622A0}.Release|Any CPU.ActiveCfg = Release|Any CPU
		{79E9F2AD-30DD-4329-810A-C80D23B622A0}.Release|Any CPU.Build.0 = Release|Any CPU
		{F5BC58DF-2018-4E04-A757-9199BEA8F4EF}.Debug|Any CPU.ActiveCfg = Debug|Any CPU
		{F5BC58DF-2018-4E04-A757-9199BEA8F4EF}.Debug|Any CPU.Build.0 = Debug|Any CPU
		{F5BC58DF-2018-4E04-A757-9199BEA8F4EF}.Release|Any CPU.ActiveCfg = Release|Any CPU
		{F5BC58DF-2018-4E04-A757-9199BEA8F4EF}.Release|Any CPU.Build.0 = Release|Any CPU
		{E5F6A7B8-C9D0-1234-5678-901234EF0123}.Debug|Any CPU.ActiveCfg = Debug|Any CPU
		{E5F6A7B8-C9D0-1234-5678-901234EF0123}.Debug|Any CPU.Build.0 = Debug|Any CPU
		{E5F6A7B8-C9D0-1234-5678-901234EF0123}.Release|Any CPU.ActiveCfg = Release|Any CPU
		{E5F6A7B8-C9D0-1234-5678-901234EF0123}.Release|Any CPU.Build.0 = Release|Any CPU
		{F6A7B8C9-D0E1-2345-6789-012345F01234}.Debug|Any CPU.ActiveCfg = Debug|Any CPU
		{F6A7B8C9-D0E1-2345-6789-012345F01234}.Debug|Any CPU.Build.0 = Debug|Any CPU
		{F6A7B8C9-D0E1-2345-6789-012345F01234}.Release|Any CPU.ActiveCfg = Release|Any CPU
		{F6A7B8C9-D0E1-2345-6789-012345F01234}.Release|Any CPU.Build.0 = Release|Any CPU
		{8C444A98-A3D7-462E-83F5-98982674E80E}.Debug|Any CPU.ActiveCfg = Debug|Any CPU
		{8C444A98-A3D7-462E-83F5-98982674E80E}.Debug|Any CPU.Build.0 = Debug|Any CPU
		{8C444A98-A3D7-462E-83F5-98982674E80E}.Release|Any CPU.ActiveCfg = Release|Any CPU
		{8C444A98-A3D7-462E-83F5-98982674E80E}.Release|Any CPU.Build.0 = Release|Any CPU
		{EF4CB649-2CE0-4A01-B514-0F7616753752}.Debug|Any CPU.ActiveCfg = Debug|Any CPU
		{EF4CB649-2CE0-4A01-B514-0F7616753752}.Debug|Any CPU.Build.0 = Debug|Any CPU
		{EF4CB649-2CE0-4A01-B514-0F7616753752}.Release|Any CPU.ActiveCfg = Release|Any CPU
		{EF4CB649-2CE0-4A01-B514-0F7616753752}.Release|Any CPU.Build.0 = Release|Any CPU
		{BF9462FD-7618-4EE2-B653-C5D74AE38057}.Debug|Any CPU.ActiveCfg = Debug|Any CPU
		{BF9462FD-7618-4EE2-B653-C5D74AE38057}.Debug|Any CPU.Build.0 = Debug|Any CPU
		{BF9462FD-7618-4EE2-B653-C5D74AE38057}.Release|Any CPU.ActiveCfg = Release|Any CPU
		{BF9462FD-7618-4EE2-B653-C5D74AE38057}.Release|Any CPU.Build.0 = Release|Any CPU
	EndGlobalSection
	GlobalSection(SolutionProperties) = preSolution
		HideSolutionNode = FALSE
	EndGlobalSection
	GlobalSection(NestedProjects) = preSolution
		{A1B2C3D4-E5F6-7890-1234-567890ABCDEF} = {827E0CD3-B72D-47B6-A68D-7590B98EB39B}
		{B2C3D4E5-F6A7-8901-2345-678901BCDEF0} = {827E0CD3-B72D-47B6-A68D-7590B98EB39B}
		{C3D4E5F6-A7B8-9012-3456-789012CDEF01} = {827E0CD3-B72D-47B6-A68D-7590B98EB39B}
		{D4E5F6A7-B8C9-0123-4567-890123DEF012} = {827E0CD3-B72D-47B6-A68D-7590B98EB39B}
		{07599119-4FAD-4871-B6D0-B34E67B71F41} = {A1B2C3D4-E5F6-7890-1234-567890ABCDEF}
		{57B99A18-94C2-4893-843A-5EAA6E829FE6} = {A1B2C3D4-E5F6-7890-1234-567890ABCDEF}
		{79E9F2AD-30DD-4329-810A-C80D23B622A0} = {B2C3D4E5-F6A7-8901-2345-678901BCDEF0}
		{F5BC58DF-2018-4E04-A757-9199BEA8F4EF} = {C3D4E5F6-A7B8-9012-3456-789012CDEF01}
		{E5F6A7B8-C9D0-1234-5678-901234EF0123} = {D4E5F6A7-B8C9-0123-4567-890123DEF012}
		{F6A7B8C9-D0E1-2345-6789-012345F01234} = {D4E5F6A7-B8C9-0123-4567-890123DEF012}
		{8C444A98-A3D7-462E-83F5-98982674E80E} = {0AB3BF05-4346-4AA6-1389-037BE0695223}
		{EF4CB649-2CE0-4A01-B514-0F7616753752} = {0AB3BF05-4346-4AA6-1389-037BE0695223}
		{BF9462FD-7618-4EE2-B653-C5D74AE38057} = {0AB3BF05-4346-4AA6-1389-037BE0695223}
	EndGlobalSection
	GlobalSection(ExtensibilityGlobals) = postSolution
		SolutionGuid = {1A2B3C4D-5E6F-7A8B-9C0D-1E2F3A4B5C6D}
	EndGlobalSection
EndGlobal
